<Solution>
  <Project Path="../../../exercises/module1/start/exercise-01/module-01-exercise-01.csproj" />
  <Project Path="../../../exercises/module1/start/exercise-02/module-01-exercise-02.csproj" />
  <Project Path="../../../exercises/module1/start/exercise-03/module-01-exercise-03.csproj" />
  <Project Path="module-01-demo-06.csproj" />
</Solution>
